
Microsoft Visual Studio Solution File, Format Version 12.00
# Visual Studio Version 17
VisualStudioVersion = 17.11.35327.3
MinimumVisualStudioVersion = 10.0.40219.1
Project("{9A19103F-16F7-4668-BE54-9A1E7A4F7556}") = "Firecrawl", "Firecrawl\Firecrawl.csproj", "{00BA2E9F-4E83-43EE-965D-AFA5944E600B}"
EndProject
Project("{9A19103F-16F7-4668-BE54-9A1E7A4F7556}") = "Firecrawl.Tests", "Firecrawl.Tests\Firecrawl.Tests.csproj", "{BAC9A1C8-9F28-4A39-AEFD-AD6F8F304F69}"
EndProject
Project("{9A19103F-16F7-4668-BE54-9A1E7A4F7556}") = "Firecrawl.Extensions.DependencyInjection", "Firecrawl.Extensions.DependencyInjection\Firecrawl.Extensions.DependencyInjection.csproj", "{4D0F56DE-08B3-40A2-A154-56979B78F35A}"
EndProject
Global
	GlobalSection(SolutionConfigurationPlatforms) = preSolution
		Debug|Any CPU = Debug|Any CPU
		Release|Any CPU = Release|Any CPU
	EndGlobalSection
	GlobalSection(ProjectConfigurationPlatforms) = postSolution
		{00BA2E9F-4E83-43EE-965D-AFA5944E600B}.Debug|Any CPU.ActiveCfg = Debug|Any CPU
		{00BA2E9F-4E83-43EE-965D-AFA5944E600B}.Debug|Any CPU.Build.0 = Debug|Any CPU
		{00BA2E9F-4E83-43EE-965D-AFA5944E600B}.Release|Any CPU.ActiveCfg = Release|Any CPU
		{00BA2E9F-4E83-43EE-965D-AFA5944E600B}.Release|Any CPU.Build.0 = Release|Any CPU
		{BAC9A1C8-9F28-4A39-AEFD-AD6F8F304F69}.Debug|Any CPU.ActiveCfg = Debug|Any CPU
		{BAC9A1C8-9F28-4A39-AEFD-AD6F8F304F69}.Debug|Any CPU.Build.0 = Debug|Any CPU
		{BAC9A1C8-9F28-4A39-AEFD-AD6F8F304F69}.Release|Any CPU.ActiveCfg = Release|Any CPU
		{BAC9A1C8-9F28-4A39-AEFD-AD6F8F304F69}.Release|Any CPU.Build.0 = Release|Any CPU
		{4D0F56DE-08B3-40A2-A154-56979B78F35A}.Debug|Any CPU.ActiveCfg = Debug|Any CPU
		{4D0F56DE-08B3-40A2-A154-56979B78F35A}.Debug|Any CPU.Build.0 = Debug|Any CPU
		{4D0F56DE-08B3-40A2-A154-56979B78F35A}.Release|Any CPU.ActiveCfg = Release|Any CPU
		{4D0F56DE-08B3-40A2-A154-56979B78F35A}.Release|Any CPU.Build.0 = Release|Any CPU
	EndGlobalSection
	GlobalSection(SolutionProperties) = preSolution
		HideSolutionNode = FALSE
	EndGlobalSection
	GlobalSection(ExtensibilityGlobals) = postSolution
		SolutionGuid = {9F7611BE-46E8-4246-AE1D-B5433BB33A38}
	EndGlobalSection
EndGlobal
